
Microsoft Visual Studio Solution File, Format Version 12.00
# Visual Studio Version 17
VisualStudioVersion = 17.6.33829.357
MinimumVisualStudioVersion = 10.0.40219.1
Project("{FAE04EC0-301F-11D3-BF4B-00C04F79EFBC}") = "DotNet_WebAPI_JWT", "DotNet_WebAPI_JWT.csproj", "{282F3D8D-9E53-45F5-B359-9A5FEB712787}"
EndProject
Global
	GlobalSection(SolutionConfigurationPlatforms) = preSolution
		Debug|Any CPU = Debug|Any CPU
		Release|Any CPU = Release|Any CPU
	EndGlobalSection
	GlobalSection(ProjectConfigurationPlatforms) = postSolution
		{282F3D8D-9E53-45F5-B359-9A5FEB712787}.Debug|Any CPU.ActiveCfg = Debug|Any CPU
		{282F3D8D-9E53-45F5-B359-9A5FEB712787}.Debug|Any CPU.Build.0 = Debug|Any CPU
		{282F3D8D-9E53-45F5-B359-9A5FEB712787}.Release|Any CPU.ActiveCfg = Release|Any CPU
		{282F3D8D-9E53-45F5-B359-9A5FEB712787}.Release|Any CPU.Build.0 = Release|Any CPU
	EndGlobalSection
	GlobalSection(SolutionProperties) = preSolution
		HideSolutionNode = FALSE
	EndGlobalSection
	GlobalSection(ExtensibilityGlobals) = postSolution
		SolutionGuid = {5212DFAE-AB03-422A-B030-198EDD1145FD}
	EndGlobalSection
EndGlobal
